{
  "name": "app",
  "lockfileVersion": 3,
  "requires": true,
  "packages": {
    "": {
      "name": "app",
      "dependencies": {
        "@hotwired/stimulus": "^3.2.2",
        "@hotwired/turbo-rails": "^7.3.0",
        "esbuild": "^0.19.5",
        "react": "^18.2.0",
        "react-dom": "^18.2.0",
        "remount": "^1.0.0"
      }
    },
    "node_modules/@esbuild/linux-x64": {
      "version": "0.19.5",
      "resolved": "https://registry.npmjs.org/@esbuild/linux-x64/-/linux-x64-0.19.5.tgz",
      "integrity": "sha512-psagl+2RlK1z8zWZOmVdImisMtrUxvwereIdyJTmtmHahJTKb64pAcqoPlx6CewPdvGvUKe2Jw+0Z/0qhSbG1A==",
      "cpu": [
        "x64"
      ],
      "license": "MIT",
      "optional": true,
      "os": [
        "linux"
      ],
      "engines": {
        "node": ">=12"
      }
    },
    "node_modules/@hotwired/stimulus": {
      "version": "3.2.2",
      "resolved": "https://registry.npmjs.org/@hotwired/stimulus/-/stimulus-3.2.2.tgz",
      "integrity": "sha512-eGeIqNOQpXoPAIP7tC1+1Yc1yl1xnwYqg+3mzqxyrbE5pg5YFBZcA6YoTiByJB6DKAEsiWtl6tjTJS4IYtbB7A==",
      "license": "MIT"
    },
    "node_modules/@hotwired/turbo": {
      "version": "7.3.0",
      "resolved": "https://registry.npmjs.org/@hotwired/turbo/-/turbo-7.3.0.tgz",
      "integrity": "sha512-Dcu+NaSvHLT7EjrDrkEmH4qET2ZJZ5IcCWmNXxNQTBwlnE5tBZfN6WxZ842n5cHV52DH/AKNirbPBtcEXDLW4g==",
      "license": "MIT",
      "engines": {
        "node": ">= 14"
      }
    },
    "node_modules/@hotwired/turbo-rails": {
      "version": "7.3.0",
      "resolved": "https://registry.npmjs.org/@hotwired/turbo-rails/-/turbo-rails-7.3.0.tgz",
      "integrity": "sha512-fvhO64vp/a2UVQ3jue9WTc2JisMv9XilIC7ViZmXAREVwiQ2S4UC7Go8f9A1j4Xu7DBI6SbFdqILk5ImqVoqyA==",
      "license": "MIT",
      "dependencies": {
        "@hotwired/turbo": "^7.3.0",
        "@rails/actioncable": "^7.0"
      }
    },
    "node_modules/@rails/actioncable": {
      "version": "7.1.1",
      "resolved": "https://registry.npmjs.org/@rails/actioncable/-/actioncable-7.1.1.tgz",
      "integrity": "sha512-ZRJ9rdwFQQjRbtgJnweY0/4UQyxN6ojEGRdib0JkjnuIciv+4ok/aAeZmBJqNreTMaBqS0eHyA9hCArwN58opg==",
      "license": "MIT"
    },
    "node_modules/esbuild": {
      "version": "0.19.5",
      "resolved": "https://registry.npmjs.org/esbuild/-/esbuild-0.19.5.tgz",
      "integrity": "sha512-bUxalY7b1g8vNhQKdB24QDmHeY4V4tw/s6Ak5z+jJX9laP5MoQseTOMemAr0gxssjNcH0MCViG8ONI2kksvfFQ==",
      "hasInstallScript": true,
      "license": "MIT",
      "bin": {
        "esbuild": "bin/esbuild"
      },
      "engines": {
        "node": ">=12"
      },
      "optionalDependencies": {
        "@esbuild/android-arm": "0.19.5",
        "@esbuild/android-arm64": "0.19.5",
        "@esbuild/android-x64": "0.19.5",
        "@esbuild/darwin-arm64": "0.19.5",
        "@esbuild/darwin-x64": "0.19.5",
        "@esbuild/freebsd-arm64": "0.19.5",
        "@esbuild/freebsd-x64": "0.19.5",
        "@esbuild/linux-arm": "0.19.5",
        "@esbuild/linux-arm64": "0.19.5",
        "@esbuild/linux-ia32": "0.19.5",
        "@esbuild/linux-loong64": "0.19.5",
        "@esbuild/linux-mips64el": "0.19.5",
        "@esbuild/linux-ppc64": "0.19.5",
        "@esbuild/linux-riscv64": "0.19.5",
        "@esbuild/linux-s390x": "0.19.5",
        "@esbuild/linux-x64": "0.19.5",
        "@esbuild/netbsd-x64": "0.19.5",
        "@esbuild/openbsd-x64": "0.19.5",
        "@esbuild/sunos-x64": "0.19.5",
        "@esbuild/win32-arm64": "0.19.5",
        "@esbuild/win32-ia32": "0.19.5",
        "@esbuild/win32-x64": "0.19.5"
      }
    },
    "node_modules/js-tokens": {
      "version": "4.0.0",
      "resolved": "https://registry.npmjs.org/js-tokens/-/js-tokens-4.0.0.tgz",
      "integrity": "sha512-RdJUflcE3cUzKiMqQgsCu06FPu9UdIJO0beYbPhHN4k6apgJtifcoCtT9bcxOpYBtpD2kCM6Sbzg4CausW/PKQ=="
    },
    "node_modules/loose-envify": {
      "version": "1.4.0",
      "resolved": "https://registry.npmjs.org/loose-envify/-/loose-envify-1.4.0.tgz",
      "integrity": "sha512-lyuxPGr/Wfhrlem2CL/UcnUc1zcqKAImBDzukY7Y5F/yQiNdko6+fRLevlw1HgMySw7f611UIY408EtxRSoK3Q==",
      "dependencies": {
        "js-tokens": "^3.0.0 || ^4.0.0"
      },
      "bin": {
        "loose-envify": "cli.js"
      }
    },
    "node_modules/react": {
      "version": "18.2.0",
      "resolved": "https://registry.npmjs.org/react/-/react-18.2.0.tgz",
      "integrity": "sha512-/3IjMdb2L9QbBdWiW5e3P2/npwMBaU9mHCSCUzNln0ZCYbcfTsGbTJrU/kGemdH2IWmB2ioZ+zkxtmq6g09fGQ==",
      "dependencies": {
        "loose-envify": "^1.1.0"
      },
      "engines": {
        "node": ">=0.10.0"
      }
    },
    "node_modules/react-dom": {
      "version": "18.2.0",
      "resolved": "https://registry.npmjs.org/react-dom/-/react-dom-18.2.0.tgz",
      "integrity": "sha512-6IMTriUmvsjHUjNtEDudZfuDQUoWXVxKHhlEGSk81n4YFS+r/Kl99wXiwlVXtPBtJenozv2P+hxDsw9eA7Xo6g==",
      "dependencies": {
        "loose-envify": "^1.1.0",
        "scheduler": "^0.23.0"
      },
      "peerDependencies": {
        "react": "^18.2.0"
      }
    },
    "node_modules/remount": {
      "version": "1.0.0",
      "resolved": "https://registry.npmjs.org/remount/-/remount-1.0.0.tgz",
      "integrity": "sha512-TLGa5ahFxq7+d7YM6nzSC1NIE6LEtIi7Sxqpl7XaKs/2fIOHbCzBo8mAm5RInYFZZoyL9ICyJIKz1WGb8/dkOA==",
      "peerDependencies": {
        "react": ">= 18.0.0",
        "react-dom": ">= 18.0.0"
      }
    },
    "node_modules/scheduler": {
      "version": "0.23.0",
      "resolved": "https://registry.npmjs.org/scheduler/-/scheduler-0.23.0.tgz",
      "integrity": "sha512-CtuThmgHNg7zIZWAXi3AsyIzA3n4xx7aNyjwC2VJldO2LMVDhFK+63xGqq6CsJH4rTAt6/M+N4GhZiDYPx9eUw==",
      "dependencies": {
        "loose-envify": "^1.1.0"
      }
    }
  }
}
